{
  "object": {
    "pins": [
      {
        "package": "AlgoliaSearchClient",
        "repositoryURL": "https://github.com/algolia/algoliasearch-client-swift",
        "state": {
          "branch": "fix/automatic-radius-coding",
          "revision": "dbdc815517fef8229adad56d4fdfd8ae32cefa03",
          "version": null
        }
      },
      {
        "package": "swift-log",
        "repositoryURL": "https://github.com/apple/swift-log.git",
        "state": {
          "branch": null,
          "revision": "173f567a2dfec11d74588eea82cecea555bdc0bc",
          "version": "1.4.0"
        }
      },
      {
        "package": "Drawer",
        "repositoryURL": "https://github.com/maustinstar/swiftui-drawer",
        "state": {
          "branch": null,
          "revision": "9799c359a7c8a8b620d96a6343e996eb06f06126",
          "version": "0.0.3"
        }
      }
    ]
  },
  "version": 1
}
